<?xml version="1.0" encoding="utf-8"?>
<Project ToolsVersion="4.0" xmlns="http://schemas.microsoft.com/developer/msbuild/2003">
  <ItemGroup>
    <ClCompile Include="main.cpp" />
    <ClCompile Include="BasePoint.cpp">
      <Filter>object\basepoint</Filter>
    </ClCompile>
    <ClCompile Include="Bullet3D.cpp">
      <Filter>object\bullet</Filter>
    </ClCompile>
    <ClCompile Include="BulletBillboard.cpp">
      <Filter>object\bullet</Filter>
    </ClCompile>
    <ClCompile Include="castle.cpp">
      <Filter>object\basepoint</Filter>
    </ClCompile>
    <ClCompile Include="Collider.cpp">
      <Filter>collider</Filter>
    </ClCompile>
    <ClCompile Include="billboard.cpp">
      <Filter>etcetra</Filter>
    </ClCompile>
    <ClCompile Include="collision.cpp">
      <Filter>etcetra</Filter>
    </ClCompile>
    <ClCompile Include="Controller.cpp">
      <Filter>framework</Filter>
    </ClCompile>
    <ClCompile Include="Controller_KeyboardAndMouse.cpp">
      <Filter>framework</Filter>
    </ClCompile>
    <ClCompile Include="DrawLine.cpp">
      <Filter>object\bullet</Filter>
    </ClCompile>
    <ClCompile Include="DrawRange.cpp">
      <Filter>object\bullet</Filter>
    </ClCompile>
    <ClCompile Include="DrawShot.cpp">
      <Filter>object\bullet</Filter>
    </ClCompile>
    <ClCompile Include="effect.cpp">
      <Filter>effect</Filter>
    </ClCompile>
    <ClCompile Include="Effect3D.cpp">
      <Filter>effect</Filter>
    </ClCompile>
    <ClCompile Include="EffectBillboard.cpp">
      <Filter>effect</Filter>
    </ClCompile>
    <ClCompile Include="EffectManager.cpp">
      <Filter>effect</Filter>
    </ClCompile>
    <ClCompile Include="fade.cpp">
      <Filter>framework</Filter>
    </ClCompile>
    <ClCompile Include="font.cpp">
      <Filter>etcetra</Filter>
    </ClCompile>
    <ClCompile Include="field.cpp">
      <Filter>object\field</Filter>
    </ClCompile>
    <ClCompile Include="FrameBorder.cpp">
      <Filter>object\ui</Filter>
    </ClCompile>
    <ClCompile Include="GameManager.cpp">
      <Filter>gamemanager</Filter>
    </ClCompile>
    <ClCompile Include="Hold.cpp">
      <Filter>etcetra</Filter>
    </ClCompile>
    <ClCompile Include="Icon.cpp">
      <Filter>etcetra</Filter>
    </ClCompile>
    <ClCompile Include="input.cpp">
      <Filter>framework</Filter>
    </ClCompile>
    <ClCompile Include="LifeGauge.cpp">
      <Filter>etcetra</Filter>
    </ClCompile>
    <ClCompile Include="LifeGauge_Soldier.cpp">
      <Filter>etcetra</Filter>
    </ClCompile>
    <ClCompile Include="light.cpp">
      <Filter>framework</Filter>
    </ClCompile>
    <ClCompile Include="MainGame.cpp">
      <Filter>gamemanager</Filter>
    </ClCompile>
    <ClCompile Include="Object.cpp">
      <Filter>object</Filter>
    </ClCompile>
    <ClCompile Include="Object2D.cpp">
      <Filter>object</Filter>
    </ClCompile>
    <ClCompile Include="Object3D.cpp">
      <Filter>object</Filter>
    </ClCompile>
    <ClCompile Include="ObjectBillboard.cpp">
      <Filter>object</Filter>
    </ClCompile>
    <ClCompile Include="ObjectCube.cpp">
      <Filter>object</Filter>
    </ClCompile>
    <ClCompile Include="ObjectModel.cpp">
      <Filter>object</Filter>
    </ClCompile>
    <ClCompile Include="oxdebugfont_dx9.cpp">
      <Filter>ox</Filter>
    </ClCompile>
    <ClCompile Include="Part.cpp">
      <Filter>object\modelpart</Filter>
    </ClCompile>
    <ClCompile Include="player.cpp">
      <Filter>object\unit</Filter>
    </ClCompile>
    <ClCompile Include="renderer.cpp">
      <Filter>framework</Filter>
    </ClCompile>
    <ClCompile Include="scene.cpp">
      <Filter>oldobject</Filter>
    </ClCompile>
    <ClCompile Include="scene2D.cpp">
      <Filter>oldobject</Filter>
    </ClCompile>
    <ClCompile Include="scene3D.cpp">
      <Filter>oldobject</Filter>
    </ClCompile>
    <ClCompile Include="sceneModel.cpp">
      <Filter>oldobject</Filter>
    </ClCompile>
    <ClCompile Include="result.cpp">
      <Filter>gamemanager</Filter>
    </ClCompile>
    <ClCompile Include="GameTitle.cpp">
      <Filter>etcetra</Filter>
    </ClCompile>
    <ClCompile Include="Soldier.cpp">
      <Filter>object\unit</Filter>
    </ClCompile>
    <ClCompile Include="RelayPoint.cpp">
      <Filter>object\field</Filter>
    </ClCompile>
    <ClCompile Include="score.cpp">
      <Filter>object\ui</Filter>
    </ClCompile>
    <ClCompile Include="skybox.cpp">
      <Filter>object\background</Filter>
    </ClCompile>
    <ClCompile Include="SkyDome.cpp">
      <Filter>object\background</Filter>
    </ClCompile>
    <ClCompile Include="SoldierBullet.cpp">
      <Filter>object\bullet</Filter>
    </ClCompile>
    <ClCompile Include="SoldierCommander.cpp">
      <Filter>object\ai</Filter>
    </ClCompile>
    <ClCompile Include="SoldierGenerator.cpp">
      <Filter>object\ai</Filter>
    </ClCompile>
    <ClCompile Include="sound.cpp">
      <Filter>framework</Filter>
    </ClCompile>
    <ClCompile Include="StraightShot.cpp">
      <Filter>object\bullet</Filter>
    </ClCompile>
    <ClCompile Include="TeamGauge.cpp">
      <Filter>object\ui</Filter>
    </ClCompile>
    <ClCompile Include="TeamGaugeManager.cpp">
      <Filter>object\ui</Filter>
    </ClCompile>
    <ClCompile Include="TeamLevel.cpp">
      <Filter>object\ui</Filter>
    </ClCompile>
    <ClCompile Include="timer.cpp">
      <Filter>object\ui</Filter>
    </ClCompile>
    <ClCompile Include="texture.cpp">
      <Filter>framework</Filter>
    </ClCompile>
    <ClCompile Include="TextureManager.cpp">
      <Filter>framework</Filter>
    </ClCompile>
    <ClCompile Include="Title.cpp">
      <Filter>gamemanager</Filter>
    </ClCompile>
    <ClCompile Include="TouchScreen.cpp">
      <Filter>object\ui</Filter>
    </ClCompile>
    <ClCompile Include="Wall.cpp">
      <Filter>object\field</Filter>
    </ClCompile>
    <ClCompile Include="tower.cpp">
      <Filter>object\basepoint</Filter>
    </ClCompile>
    <ClCompile Include="Unit.cpp">
      <Filter>object\unit</Filter>
    </ClCompile>
    <ClCompile Include="camera.cpp">
      <Filter>framework</Filter>
    </ClCompile>
    <ClCompile Include="SoldierGauge.cpp">
      <Filter>etcetra</Filter>
    </ClCompile>
  </ItemGroup>
  <ItemGroup>
    <ClInclude Include="BasePoint.h">
      <Filter>object\basepoint</Filter>
    </ClInclude>
    <ClInclude Include="Bullet3D.h">
      <Filter>object\bullet</Filter>
    </ClInclude>
    <ClInclude Include="BulletBillboard.h">
      <Filter>object\bullet</Filter>
    </ClInclude>
    <ClInclude Include="castle.h">
      <Filter>object\basepoint</Filter>
    </ClInclude>
    <ClInclude Include="Collider.h">
      <Filter>collider</Filter>
    </ClInclude>
    <ClInclude Include="billboard.h">
      <Filter>etcetra</Filter>
    </ClInclude>
    <ClInclude Include="collision.h">
      <Filter>etcetra</Filter>
    </ClInclude>
    <ClInclude Include="Controller.h">
      <Filter>framework</Filter>
    </ClInclude>
    <ClInclude Include="Controller_KeyboardAndMouse.h">
      <Filter>framework</Filter>
    </ClInclude>
    <ClInclude Include="DrawLine.h">
      <Filter>object\bullet</Filter>
    </ClInclude>
    <ClInclude Include="DrawRange.h">
      <Filter>object\bullet</Filter>
    </ClInclude>
    <ClInclude Include="DrawShot.h">
      <Filter>object\bullet</Filter>
    </ClInclude>
    <ClInclude Include="Effect3D.h">
      <Filter>effect</Filter>
    </ClInclude>
    <ClInclude Include="effect.h">
      <Filter>effect</Filter>
    </ClInclude>
    <ClInclude Include="EffectBillboard.h">
      <Filter>effect</Filter>
    </ClInclude>
    <ClInclude Include="EffectManager.h">
      <Filter>effect</Filter>
    </ClInclude>
    <ClInclude Include="Etc_Paramaters.h">
      <Filter>etcetra</Filter>
    </ClInclude>
    <ClInclude Include="EventButton.h">
      <Filter>etcetra</Filter>
    </ClInclude>
    <ClInclude Include="fade.h">
      <Filter>framework</Filter>
    </ClInclude>
    <ClInclude Include="font.h">
      <Filter>etcetra</Filter>
    </ClInclude>
    <ClInclude Include="field.h">
      <Filter>object\field</Filter>
    </ClInclude>
    <ClInclude Include="FrameBorder.h">
      <Filter>object\ui</Filter>
    </ClInclude>
    <ClInclude Include="GameManager.h">
      <Filter>gamemanager</Filter>
    </ClInclude>
    <ClInclude Include="GameScene.h">
      <Filter>gamemanager</Filter>
    </ClInclude>
    <ClInclude Include="Hold.h">
      <Filter>etcetra</Filter>
    </ClInclude>
    <ClInclude Include="Icon.h">
      <Filter>etcetra</Filter>
    </ClInclude>
    <ClInclude Include="input.h">
      <Filter>framework</Filter>
    </ClInclude>
    <ClInclude Include="LifeGauge.h">
      <Filter>etcetra</Filter>
    </ClInclude>
    <ClInclude Include="LifeGauge_Soldier.h">
      <Filter>etcetra</Filter>
    </ClInclude>
    <ClInclude Include="light.h">
      <Filter>framework</Filter>
    </ClInclude>
    <ClInclude Include="list_CharaParameters.h">
      <Filter>etcetra</Filter>
    </ClInclude>
    <ClInclude Include="list_LoadTexture_MainGame.h">
      <Filter>etcetra</Filter>
    </ClInclude>
    <ClInclude Include="list_LoadTexture_Result.h">
      <Filter>etcetra</Filter>
    </ClInclude>
    <ClInclude Include="list_LoadTexture_Title.h">
      <Filter>etcetra</Filter>
    </ClInclude>
    <ClInclude Include="MainGame.h">
      <Filter>gamemanager</Filter>
    </ClInclude>
    <ClInclude Include="ModelData.h">
      <Filter>etcetra</Filter>
    </ClInclude>
    <ClInclude Include="Object.h">
      <Filter>object</Filter>
    </ClInclude>
    <ClInclude Include="Object2D.h">
      <Filter>object</Filter>
    </ClInclude>
    <ClInclude Include="Object3D.h">
      <Filter>object</Filter>
    </ClInclude>
    <ClInclude Include="ObjectBillboard.h">
      <Filter>object</Filter>
    </ClInclude>
    <ClInclude Include="ObjectCube.h">
      <Filter>object</Filter>
    </ClInclude>
    <ClInclude Include="ObjectModel.h">
      <Filter>object</Filter>
    </ClInclude>
    <ClInclude Include="oxdebugfont.h">
      <Filter>ox</Filter>
    </ClInclude>
    <ClInclude Include="Part.h">
      <Filter>object\modelpart</Filter>
    </ClInclude>
    <ClInclude Include="player.h">
      <Filter>object\unit</Filter>
    </ClInclude>
    <ClInclude Include="renderer.h">
      <Filter>framework</Filter>
    </ClInclude>
    <ClInclude Include="scene.h">
      <Filter>oldobject</Filter>
    </ClInclude>
    <ClInclude Include="scene2D.h">
      <Filter>oldobject</Filter>
    </ClInclude>
    <ClInclude Include="scene3D.h">
      <Filter>oldobject</Filter>
    </ClInclude>
    <ClInclude Include="sceneModel.h">
      <Filter>oldobject</Filter>
    </ClInclude>
    <ClInclude Include="result.h">
      <Filter>gamemanager</Filter>
    </ClInclude>
    <ClInclude Include="GameTitle.h">
      <Filter>etcetra</Filter>
    </ClInclude>
    <ClInclude Include="Soldier.h">
      <Filter>object\unit</Filter>
    </ClInclude>
    <ClInclude Include="RelayPoint.h">
      <Filter>object\field</Filter>
    </ClInclude>
    <ClInclude Include="score.h">
      <Filter>object\ui</Filter>
    </ClInclude>
    <ClInclude Include="SkyDome.h">
      <Filter>object\background</Filter>
    </ClInclude>
    <ClInclude Include="skybox.h">
      <Filter>object\background</Filter>
    </ClInclude>
    <ClInclude Include="SoldierBullet.h">
      <Filter>object\bullet</Filter>
    </ClInclude>
    <ClInclude Include="SoldierCommander.h">
      <Filter>object\ai</Filter>
    </ClInclude>
    <ClInclude Include="SoldierGenerator.h">
      <Filter>object\ai</Filter>
    </ClInclude>
    <ClInclude Include="main.h" />
    <ClInclude Include="sound.h">
      <Filter>framework</Filter>
    </ClInclude>
    <ClInclude Include="StraightShot.h">
      <Filter>object\bullet</Filter>
    </ClInclude>
    <ClInclude Include="TeamGauge.h">
      <Filter>object\ui</Filter>
    </ClInclude>
    <ClInclude Include="TeamGaugeManager.h">
      <Filter>object\ui</Filter>
    </ClInclude>
    <ClInclude Include="TeamLevel.h">
      <Filter>object\ui</Filter>
    </ClInclude>
    <ClInclude Include="timer.h">
      <Filter>object\ui</Filter>
    </ClInclude>
    <ClInclude Include="texture.h">
      <Filter>framework</Filter>
    </ClInclude>
    <ClInclude Include="TextureManager.h">
      <Filter>framework</Filter>
    </ClInclude>
    <ClInclude Include="Title.h">
      <Filter>gamemanager</Filter>
    </ClInclude>
    <ClInclude Include="TouchScreen.h">
      <Filter>object\ui</Filter>
    </ClInclude>
    <ClInclude Include="Wall.h">
      <Filter>object\field</Filter>
    </ClInclude>
    <ClInclude Include="tower.h">
      <Filter>object\basepoint</Filter>
    </ClInclude>
    <ClInclude Include="Unit.h">
      <Filter>object\unit</Filter>
    </ClInclude>
    <ClInclude Include="camera.h">
      <Filter>framework</Filter>
    </ClInclude>
    <ClInclude Include="SoldierGauge.h">
      <Filter>etcetra</Filter>
    </ClInclude>
  </ItemGroup>
  <ItemGroup>
    <Filter Include="object">
      <UniqueIdentifier>{78322e44-2115-4461-afba-c9cbe17073b3}</UniqueIdentifier>
    </Filter>
    <Filter Include="object\unit">
      <UniqueIdentifier>{796d1d79-8c81-4b1f-8434-e855519a3bc2}</UniqueIdentifier>
    </Filter>
    <Filter Include="object\basepoint">
      <UniqueIdentifier>{7d890de0-a6e3-4bfe-9a0e-1e6501e224af}</UniqueIdentifier>
    </Filter>
    <Filter Include="object\bullet">
      <UniqueIdentifier>{6e4eeb4a-89e6-4441-8a40-a2abe8099c29}</UniqueIdentifier>
    </Filter>
    <Filter Include="collider">
      <UniqueIdentifier>{b622b0ac-abb7-4955-9764-8c8eaa215e37}</UniqueIdentifier>
    </Filter>
    <Filter Include="etcetra">
      <UniqueIdentifier>{b0a16231-bc4d-4752-b9bf-f957a6093ae9}</UniqueIdentifier>
    </Filter>
    <Filter Include="framework">
      <UniqueIdentifier>{c9507827-3433-4a8d-acff-6223d497cc74}</UniqueIdentifier>
    </Filter>
    <Filter Include="effect">
      <UniqueIdentifier>{cd5cfc91-1a44-4396-b976-2d55e61e6392}</UniqueIdentifier>
    </Filter>
    <Filter Include="object\field">
      <UniqueIdentifier>{36c44ac0-a21a-4140-aa33-a4d219c05d38}</UniqueIdentifier>
    </Filter>
    <Filter Include="gamemanager">
      <UniqueIdentifier>{485c93f2-3812-4dee-9f2e-49a72a1a32ef}</UniqueIdentifier>
    </Filter>
    <Filter Include="ox">
      <UniqueIdentifier>{ef6a8d28-c1d8-435a-b98f-5c73bf0fa1fa}</UniqueIdentifier>
    </Filter>
    <Filter Include="object\modelpart">
      <UniqueIdentifier>{ce53c264-1c18-4216-b3f9-f7dd86d59d52}</UniqueIdentifier>
    </Filter>
    <Filter Include="object\background">
      <UniqueIdentifier>{4bcc1f65-f852-40b0-a55b-219697ab5646}</UniqueIdentifier>
    </Filter>
    <Filter Include="object\ui">
      <UniqueIdentifier>{020a9e6c-37ed-450b-a84f-1e07508b8e77}</UniqueIdentifier>
    </Filter>
    <Filter Include="object\ai">
      <UniqueIdentifier>{c6988c53-23e4-4df5-bf3a-478ef2b83ba4}</UniqueIdentifier>
    </Filter>
    <Filter Include="oldobject">
      <UniqueIdentifier>{218c3b90-85bd-48e3-a1aa-7b41a981483d}</UniqueIdentifier>
    </Filter>
  </ItemGroup>
</Project>